// !$*UTF8*$!
{
	archiveVersion = 1;
	classes = {
	};
	objectVersion = 46;
	objects = {

/* Begin PBXBuildFile section */
		6808F9301E954B2C00E0CC0C /* MarvelTableViewCell.swift in Sources */ = {isa = PBXBuildFile; fileRef = 6808F92F1E954B2C00E0CC0C /* MarvelTableViewCell.swift */; };
		6808F9321E954D2500E0CC0C /* MarvelModel.swift in Sources */ = {isa = PBXBuildFile; fileRef = 6808F9311E954D2500E0CC0C /* MarvelModel.swift */; };
		688A2D3A1E93EE360009B0B3 /* AppDelegate.swift in Sources */ = {isa = PBXBuildFile; fileRef = 688A2D391E93EE360009B0B3 /* AppDelegate.swift */; };
		688A2D3C1E93EE360009B0B3 /* MarvelViewController.swift in Sources */ = {isa = PBXBuildFile; fileRef = 688A2D3B1E93EE360009B0B3 /* MarvelViewController.swift */; };
		688A2D3F1E93EE360009B0B3 /* Main.storyboard in Resources */ = {isa = PBXBuildFile; fileRef = 688A2D3D1E93EE360009B0B3 /* Main.storyboard */; };
		688A2D411E93EE360009B0B3 /* Assets.xcassets in Resources */ = {isa = PBXBuildFile; fileRef = 688A2D401E93EE360009B0B3 /* Assets.xcassets */; };
		688A2D441E93EE360009B0B3 /* LaunchScreen.storyboard in Resources */ = {isa = PBXBuildFile; fileRef = 688A2D421E93EE360009B0B3 /* LaunchScreen.storyboard */; };
		68F02FB91E97D35200F05765 /* Avenger.otf in Resources */ = {isa = PBXBuildFile; fileRef = 68F02FB81E97D35200F05765 /* Avenger.otf */; };
		68F02FBB1E97D65A00F05765 /* PlayVideoViewController.swift in Sources */ = {isa = PBXBuildFile; fileRef = 68F02FBA1E97D65A00F05765 /* PlayVideoViewController.swift */; };
/* End PBXBuildFile section */

/* Begin PBXFileReference section */
		6808F92F1E954B2C00E0CC0C /* MarvelTableViewCell.swift */ = {isa = PBXFileReference; fileEncoding = 4; lastKnownFileType = sourcecode.swift; path = MarvelTableViewCell.swift; sourceTree = "<group>"; };
		6808F9311E954D2500E0CC0C /* MarvelModel.swift */ = {isa = PBXFileReference; fileEncoding = 4; lastKnownFileType = sourcecode.swift; path = MarvelModel.swift; sourceTree = "<group>"; };
		688A2D361E93EE360009B0B3 /* Go Marvel.app */ = {isa = PBXFileReference; explicitFileType = wrapper.application; includeInIndex = 0; path = "Go Marvel.app"; sourceTree = BUILT_PRODUCTS_DIR; };
		688A2D391E93EE360009B0B3 /* AppDelegate.swift */ = {isa = PBXFileReference; lastKnownFileType = sourcecode.swift; path = AppDelegate.swift; sourceTree = "<group>"; };
		688A2D3B1E93EE360009B0B3 /* MarvelViewController.swift */ = {isa = PBXFileReference; lastKnownFileType = sourcecode.swift; path = MarvelViewController.swift; sourceTree = "<group>"; };
		688A2D3E1E93EE360009B0B3 /* Base */ = {isa = PBXFileReference; lastKnownFileType = file.storyboard; name = Base; path = Base.lproj/Main.storyboard; sourceTree = "<group>"; };
		688A2D401E93EE360009B0B3 /* Assets.xcassets */ = {isa = PBXFileReference; lastKnownFileType = folder.assetcatalog; path = Assets.xcassets; sourceTree = "<group>"; };
		688A2D431E93EE360009B0B3 /* Base */ = {isa = PBXFileReference; lastKnownFileType = file.storyboard; name = Base; path = Base.lproj/LaunchScreen.storyboard; sourceTree = "<group>"; };
		688A2D451E93EE360009B0B3 /* Info.plist */ = {isa = PBXFileReference; lastKnownFileType = text.plist.xml; path = Info.plist; sourceTree = "<group>"; };
		68F02FB81E97D35200F05765 /* Avenger.otf */ = {isa = PBXFileReference; lastKnownFileType = file; path = Avenger.otf; sourceTree = "<group>"; };
		68F02FBA1E97D65A00F05765 /* PlayVideoViewController.swift */ = {isa = PBXFileReference; fileEncoding = 4; lastKnownFileType = sourcecode.swift; path = PlayVideoViewController.swift; sourceTree = "<group>"; };
/* End PBXFileReference section */

/* Begin PBXFrameworksBuildPhase section */
		688A2D331E93EE360009B0B3 /* Frameworks */ = {
			isa = PBXFrameworksBuildPhase;
			buildActionMask = 2147483647;
			files = (
			);
			runOnlyForDeploymentPostprocessing = 0;
		};
/* End PBXFrameworksBuildPhase section */

/* Begin PBXGroup section */
		6808F92C1E9549CD00E0CC0C /* Model */ = {
			isa = PBXGroup;
			children = (
				6808F9311E954D2500E0CC0C /* MarvelModel.swift */,
			);
			name = Model;
			sourceTree = "<group>";
		};
		6808F92D1E9549E200E0CC0C /* View */ = {
			isa = PBXGroup;
			children = (
				688A2D421E93EE360009B0B3 /* LaunchScreen.storyboard */,
				688A2D3D1E93EE360009B0B3 /* Main.storyboard */,
				6808F92F1E954B2C00E0CC0C /* MarvelTableViewCell.swift */,
			);
			name = View;
			sourceTree = "<group>";
		};
		6808F92E1E9549EE00E0CC0C /* Controller */ = {
			isa = PBXGroup;
			children = (
				688A2D3B1E93EE360009B0B3 /* MarvelViewController.swift */,
				68F02FBA1E97D65A00F05765 /* PlayVideoViewController.swift */,
			);
			name = Controller;
			sourceTree = "<group>";
		};
		688A2D2D1E93EE360009B0B3 = {
			isa = PBXGroup;
			children = (
				688A2D381E93EE360009B0B3 /* Go Marvel */,
				688A2D371E93EE360009B0B3 /* Products */,
			);
			sourceTree = "<group>";
		};
		688A2D371E93EE360009B0B3 /* Products */ = {
			isa = PBXGroup;
			children = (
				688A2D361E93EE360009B0B3 /* Go Marvel.app */,
			);
			name = Products;
			sourceTree = "<group>";
		};
		688A2D381E93EE360009B0B3 /* Go Marvel */ = {
			isa = PBXGroup;
			children = (
				6808F92E1E9549EE00E0CC0C /* Controller */,
				6808F92D1E9549E200E0CC0C /* View */,
				6808F92C1E9549CD00E0CC0C /* Model */,
				688A2D4C1E93F0990009B0B3 /* Supporting Files */,
			);
			path = "Go Marvel";
			sourceTree = "<group>";
		};
		688A2D4C1E93F0990009B0B3 /* Supporting Files */ = {
			isa = PBXGroup;
			children = (
				68F02FB81E97D35200F05765 /* Avenger.otf */,
				688A2D401E93EE360009B0B3 /* Assets.xcassets */,
				688A2D391E93EE360009B0B3 /* AppDelegate.swift */,
				688A2D451E93EE360009B0B3 /* Info.plist */,
			);
			name = "Supporting Files";
			sourceTree = "<group>";
		};
/* End PBXGroup section */

/* Begin PBXNativeTarget section */
		688A2D351E93EE360009B0B3 /* Go Marvel */ = {
			isa = PBXNativeTarget;
			buildConfigurationList = 688A2D481E93EE360009B0B3 /* Build configuration list for PBXNativeTarget "Go Marvel" */;
			buildPhases = (
				688A2D321E93EE360009B0B3 /* Sources */,
				688A2D331E93EE360009B0B3 /* Frameworks */,
				688A2D341E93EE360009B0B3 /* Resources */,
			);
			buildRules = (
			);
			dependencies = (
			);
			name = "Go Marvel";
			productName = "Go Marvel";
			productReference = 688A2D361E93EE360009B0B3 /* Go Marvel.app */;
			productType = "com.apple.product-type.application";
		};
/* End PBXNativeTarget section */

/* Begin PBXProject section */
		688A2D2E1E93EE360009B0B3 /* Project object */ = {
			isa = PBXProject;
			attributes = {
				LastSwiftUpdateCheck = 0820;
				LastUpgradeCheck = 0820;
				ORGANIZATIONNAME = "Solomon Rajkumar";
				TargetAttributes = {
					688A2D351E93EE360009B0B3 = {
						CreatedOnToolsVersion = 8.2.1;
						DevelopmentTeam = QCNSV5U33C;
						ProvisioningStyle = Automatic;
					};
				};
			};
			buildConfigurationList = 688A2D311E93EE360009B0B3 /* Build configuration list for PBXProject "Go Marvel" */;
			compatibilityVersion = "Xcode 3.2";
			developmentRegion = English;
			hasScannedForEncodings = 0;
			knownRegions = (
				en,
				Base,
			);
			mainGroup = 688A2D2D1E93EE360009B0B3;
			productRefGroup = 688A2D371E93EE360009B0B3 /* Products */;
			projectDirPath = "";
			projectRoot = "";
			targets = (
				688A2D351E93EE360009B0B3 /* Go Marvel */,
			);
		};
/* End PBXProject section */

/* Begin PBXResourcesBuildPhase section */
		688A2D341E93EE360009B0B3 /* Resources */ = {
			isa = PBXResourcesBuildPhase;
			buildActionMask = 2147483647;
			files = (
				688A2D441E93EE360009B0B3 /* LaunchScreen.storyboard in Resources */,
				688A2D411E93EE360009B0B3 /* Assets.xcassets in Resources */,
				68F02FB91E97D35200F05765 /* Avenger.otf in Resources */,
				688A2D3F1E93EE360009B0B3 /* Main.storyboard in Resources */,
			);
			runOnlyForDeploymentPostprocessing = 0;
		};
/* End PBXResourcesBuildPhase section */

/* Begin PBXSourcesBuildPhase section */
		688A2D321E93EE360009B0B3 /* Sources */ = {
			isa = PBXSourcesBuildPhase;
			buildActionMask = 2147483647;
			files = (
				6808F9301E954B2C00E0CC0C /* MarvelTableViewCell.swift in Sources */,
				688A2D3C1E93EE360009B0B3 /* MarvelViewController.swift in Sources */,
				6808F9321E954D2500E0CC0C /* MarvelModel.swift in Sources */,
				68F02FBB1E97D65A00F05765 /* PlayVideoViewController.swift in Sources */,
				688A2D3A1E93EE360009B0B3 /* AppDelegate.swift in Sources */,
			);
			runOnlyForDeploymentPostprocessing = 0;
		};
/* End PBXSourcesBuildPhase section */

/* Begin PBXVariantGroup section */
		688A2D3D1E93EE360009B0B3 /* Main.storyboard */ = {
			isa = PBXVariantGroup;
			children = (
				688A2D3E1E93EE360009B0B3 /* Base */,
			);
			name = Main.storyboard;
			sourceTree = "<group>";
		};
		688A2D421E93EE360009B0B3 /* LaunchScreen.storyboard */ = {
			isa = PBXVariantGroup;
			children = (
				688A2D431E93EE360009B0B3 /* Base */,
			);
			name = LaunchScreen.storyboard;
			sourceTree = "<group>";
		};
/* End PBXVariantGroup section */

/* Begin XCBuildConfiguration section */
		688A2D461E93EE360009B0B3 /* Debug */ = {
			isa = XCBuildConfiguration;
			buildSettings = {
				ALWAYS_SEARCH_USER_PATHS = NO;
				CLANG_ANALYZER_NONNULL = YES;
				CLANG_CXX_LANGUAGE_STANDARD = "gnu++0x";
				CLANG_CXX_LIBRARY = "libc++";
				CLANG_ENABLE_MODULES = YES;
				CLANG_ENABLE_OBJC_ARC = YES;
				CLANG_WARN_BOOL_CONVERSION = YES;
				CLANG_WARN_CONSTANT_CONVERSION = YES;
				CLANG_WARN_DIRECT_OBJC_ISA_USAGE = YES_ERROR;
				CLANG_WARN_DOCUMENTATION_COMMENTS = YES;
				CLANG_WARN_EMPTY_BODY = YES;
				CLANG_WARN_ENUM_CONVERSION = YES;
				CLANG_WARN_INFINITE_RECURSION = YES;
				CLANG_WARN_INT_CONVERSION = YES;
				CLANG_WARN_OBJC_ROOT_CLASS = YES_ERROR;
				CLANG_WARN_SUSPICIOUS_MOVE = YES;
				CLANG_WARN_UNREACHABLE_CODE = YES;
				CLANG_WARN__DUPLICATE_METHOD_MATCH = YES;
				"CODE_SIGN_IDENTITY[sdk=iphoneos*]" = "iPhone Developer";
				COPY_PHASE_STRIP = NO;
				DEBUG_INFORMATION_FORMAT = dwarf;
				ENABLE_STRICT_OBJC_MSGSEND = YES;
				ENABLE_TESTABILITY = YES;
				GCC_C_LANGUAGE_STANDARD = gnu99;
				GCC_DYNAMIC_NO_PIC = NO;
				GCC_NO_COMMON_BLOCKS = YES;
				GCC_OPTIMIZATION_LEVEL = 0;
				GCC_PREPROCESSOR_DEFINITIONS = (
					"DEBUG=1",
					"$(inherited)",
				);
				GCC_WARN_64_TO_32_BIT_CONVERSION = YES;
				GCC_WARN_ABOUT_RETURN_TYPE = YES_ERROR;
				GCC_WARN_UNDECLARED_SELECTOR = YES;
				GCC_WARN_UNINITIALIZED_AUTOS = YES_AGGRESSIVE;
				GCC_WARN_UNUSED_FUNCTION = YES;
				GCC_WARN_UNUSED_VARIABLE = YES;
				IPHONEOS_DEPLOYMENT_TARGET = 10.2;
				MTL_ENABLE_DEBUG_INFO = YES;
				ONLY_ACTIVE_ARCH = YES;
				SDKROOT = iphoneos;
				SWIFT_ACTIVE_COMPILATION_CONDITIONS = DEBUG;
				SWIFT_OPTIMIZATION_LEVEL = "-Onone";
				TARGETED_DEVICE_FAMILY = "1,2";
			};
			name = Debug;
		};
		688A2D471E93EE360009B0B3 /* Release */ = {
			isa = XCBuildConfiguration;
			buildSettings = {
				ALWAYS_SEARCH_USER_PATHS = NO;
				CLANG_ANALYZER_NONNULL = YES;
				CLANG_CXX_LANGUAGE_STANDARD = "gnu++0x";
				CLANG_CXX_LIBRARY = "libc++";
				CLANG_ENABLE_MODULES = YES;
				CLANG_ENABLE_OBJC_ARC = YES;
				CLANG_WARN_BOOL_CONVERSION = YES;
				CLANG_WARN_CONSTANT_CONVERSION = YES;
				CLANG_WARN_DIRECT_OBJC_ISA_USAGE = YES_ERROR;
				CLANG_WARN_DOCUMENTATION_COMMENTS = YES;
				CLANG_WARN_EMPTY_BODY = YES;
				CLANG_WARN_ENUM_CONVERSION = YES;
				CLANG_WARN_INFINITE_RECURSION = YES;
				CLANG_WARN_INT_CONVERSION = YES;
				CLANG_WARN_OBJC_ROOT_CLASS = YES_ERROR;
				CLANG_WARN_SUSPICIOUS_MOVE = YES;
				CLANG_WARN_UNREACHABLE_CODE = YES;
				CLANG_WARN__DUPLICATE_METHOD_MATCH = YES;
				"CODE_SIGN_IDENTITY[sdk=iphoneos*]" = "iPhone Developer";
				COPY_PHASE_STRIP = NO;
				DEBUG_INFORMATION_FORMAT = "dwarf-with-dsym";
				ENABLE_NS_ASSERTIONS = NO;
				ENABLE_STRICT_OBJC_MSGSEND = YES;
				GCC_C_LANGUAGE_STANDARD = gnu99;
				GCC_NO_COMMON_BLOCKS = YES;
				GCC_WARN_64_TO_32_BIT_CONVERSION = YES;
				GCC_WARN_ABOUT_RETURN_TYPE = YES_ERROR;
				GCC_WARN_UNDECLARED_SELECTOR = YES;
				GCC_WARN_UNINITIALIZED_AUTOS = YES_AGGRESSIVE;
				GCC_WARN_UNUSED_FUNCTION = YES;
				GCC_WARN_UNUSED_VARIABLE = YES;
				IPHONEOS_DEPLOYMENT_TARGET = 10.2;
				MTL_ENABLE_DEBUG_INFO = NO;
				SDKROOT = iphoneos;
				SWIFT_OPTIMIZATION_LEVEL = "-Owholemodule";
				TARGETED_DEVICE_FAMILY = "1,2";
				VALIDATE_PRODUCT = YES;
			};
			name = Release;
		};
		688A2D491E93EE360009B0B3 /* Debug */ = {
			isa = XCBuildConfiguration;
			buildSettings = {
				ASSETCATALOG_COMPILER_APPICON_NAME = AppIcon;
				DEVELOPMENT_TEAM = QCNSV5U33C;
				INFOPLIST_FILE = "Go Marvel/Info.plist";
				LD_RUNPATH_SEARCH_PATHS = "$(inherited) @executable_path/Frameworks";
				PRODUCT_BUNDLE_IDENTIFIER = "com.soluAppHouse.Go-Marvel";
				PRODUCT_NAME = "$(TARGET_NAME)";
				SWIFT_VERSION = 3.0;
			};
			name = Debug;
		};
		688A2D4A1E93EE360009B0B3 /* Release */ = {
			isa = XCBuildConfiguration;
			buildSettings = {
				ASSETCATALOG_COMPILER_APPICON_NAME = AppIcon;
				DEVELOPMENT_TEAM = QCNSV5U33C;
				INFOPLIST_FILE = "Go Marvel/Info.plist";
				LD_RUNPATH_SEARCH_PATHS = "$(inherited) @executable_path/Frameworks";
				PRODUCT_BUNDLE_IDENTIFIER = "com.soluAppHouse.Go-Marvel";
				PRODUCT_NAME = "$(TARGET_NAME)";
				SWIFT_VERSION = 3.0;
			};
			name = Release;
		};
/* End XCBuildConfiguration section */

/* Begin XCConfigurationList section */
		688A2D311E93EE360009B0B3 /* Build configuration list for PBXProject "Go Marvel" */ = {
			isa = XCConfigurationList;
			buildConfigurations = (
				688A2D461E93EE360009B0B3 /* Debug */,
				688A2D471E93EE360009B0B3 /* Release */,
			);
			defaultConfigurationIsVisible = 0;
			defaultConfigurationName = Release;
		};
		688A2D481E93EE360009B0B3 /* Build configuration list for PBXNativeTarget "Go Marvel" */ = {
			isa = XCConfigurationList;
			buildConfigurations = (
				688A2D491E93EE360009B0B3 /* Debug */,
				688A2D4A1E93EE360009B0B3 /* Release */,
			);
			defaultConfigurationIsVisible = 0;
			defaultConfigurationName = Release;
		};
/* End XCConfigurationList section */
	};
	rootObject = 688A2D2E1E93EE360009B0B3 /* Project object */;
}
